
Microsoft Visual Studio Solution File, Format Version 12.00
# Visual Studio Version 17
VisualStudioVersion = 17.10.35027.167
MinimumVisualStudioVersion = 10.0.40219.1
Project("{9A19103F-16F7-4668-BE54-9A1E7A4F7556}") = "StudyQuestions", "StudyQuestions\StudyQuestions.csproj", "{40F7A066-F2DA-451B-926B-A9F3FEE0E251}"
EndProject
Project("{9A19103F-16F7-4668-BE54-9A1E7A4F7556}") = "HelloWorld", "HelloWorld\HelloWorld.csproj", "{D5C23AF3-39B2-401E-A87E-392C1386CF9A}"
EndProject
Project("{9A19103F-16F7-4668-BE54-9A1E7A4F7556}") = "DumpCode", "DumpCode\DumpCode.csproj", "{3AB68910-BCB1-43BC-A3A9-B858A9042160}"
EndProject
Project("{9A19103F-16F7-4668-BE54-9A1E7A4F7556}") = "VariablerTwo", "VariablerTwo\VariablerTwo.csproj", "{B9301045-4770-4FB6-A98D-4280EBC2C8D7}"
EndProject
Project("{9A19103F-16F7-4668-BE54-9A1E7A4F7556}") = "Variabler3", "Variabler3\Variabler3.csproj", "{383F3C9E-7EF1-4FC1-808F-CB9D711C7387}"
EndProject
Project("{9A19103F-16F7-4668-BE54-9A1E7A4F7556}") = "Variabler4", "Variabler4\Variabler4.csproj", "{AE12D700-1385-452D-9175-6DD3C91CC4EE}"
EndProject
Project("{9A19103F-16F7-4668-BE54-9A1E7A4F7556}") = "Variabler5", "Variabler5\Variabler5.csproj", "{9154560C-7437-4A14-97F5-0F3F1FE65D01}"
EndProject
Project("{9A19103F-16F7-4668-BE54-9A1E7A4F7556}") = "Variabler6", "Variabler6\Variabler6.csproj", "{7A8848FB-8705-4031-8001-0BDCF2D79792}"
EndProject
Project("{9A19103F-16F7-4668-BE54-9A1E7A4F7556}") = "Variabler7", "Variabler7\Variabler7.csproj", "{1ADD6AB0-F1DE-4797-9EAD-FEE6492CCCD0}"
EndProject
Project("{9A19103F-16F7-4668-BE54-9A1E7A4F7556}") = "Variabler9", "Variabler9\Variabler9.csproj", "{ADD81F60-51EE-4252-BF9B-13BAD32D63E3}"
EndProject
Project("{9A19103F-16F7-4668-BE54-9A1E7A4F7556}") = "Variabler10", "Variabler10\Variabler10.csproj", "{25622595-3975-4EA2-BE52-B75A8419DD1A}"
EndProject
Project("{9A19103F-16F7-4668-BE54-9A1E7A4F7556}") = "Variabler11", "Variabler11\Variabler11.csproj", "{A22F249B-A048-4A8C-BD33-CEECE3DC7F0C}"
EndProject
Project("{9A19103F-16F7-4668-BE54-9A1E7A4F7556}") = "IF1", "IF1\IF1.csproj", "{3A2D9138-0183-488B-BD9A-B3D3105EEAF8}"
EndProject
Project("{9A19103F-16F7-4668-BE54-9A1E7A4F7556}") = "1Lektion", "1Lektion\1Lektion.csproj", "{7525294F-9E3C-457A-8592-355048229AA3}"
EndProject
Project("{9A19103F-16F7-4668-BE54-9A1E7A4F7556}") = "IF2", "IF2\IF2.csproj", "{AE9EA1F2-6AA8-462C-8CFA-9D9E0D5FDEE5}"
EndProject
Project("{9A19103F-16F7-4668-BE54-9A1E7A4F7556}") = "IF3", "IF3\IF3.csproj", "{920841B8-27C8-4BAC-91C3-E32383E0291E}"
EndProject
Project("{9A19103F-16F7-4668-BE54-9A1E7A4F7556}") = "IF4", "IF4\IF4.csproj", "{20237FB2-C6D3-46D2-BC47-495D3B01060B}"
EndProject
Project("{9A19103F-16F7-4668-BE54-9A1E7A4F7556}") = "IF5", "IF5\IF5.csproj", "{BF5451A9-8DFB-456F-B997-8654B149201D}"
EndProject
Project("{9A19103F-16F7-4668-BE54-9A1E7A4F7556}") = "Lektion1Loopar", "Lektion1Loopar\Lektion1Loopar.csproj", "{3226289A-EF49-4D06-BF65-3B67873D309C}"
EndProject
Project("{FAE04EC0-301F-11D3-BF4B-00C04F79EFBC}") = "IF6", "IF6\IF6.csproj", "{951CD45C-FA5E-484F-807D-84C2D90B9C55}"
EndProject
Project("{FAE04EC0-301F-11D3-BF4B-00C04F79EFBC}") = "IF7", "IF7\IF7.csproj", "{8235D2FA-855D-46BF-BEAD-5B41FEF6F20A}"
EndProject
Project("{FAE04EC0-301F-11D3-BF4B-00C04F79EFBC}") = "IF8", "IF8\IF8.csproj", "{06F47E2A-E123-492E-BCA1-F63CAF68985E}"
EndProject
Project("{FAE04EC0-301F-11D3-BF4B-00C04F79EFBC}") = "IF9", "IF9\IF9.csproj", "{F3A63E43-3779-44DF-BA4F-6B0357F4D9D6}"
EndProject
Project("{FAE04EC0-301F-11D3-BF4B-00C04F79EFBC}") = "IF10", "IF10\IF10.csproj", "{8B64A5C7-BE66-41B3-BEBF-EC5C13F66364}"
EndProject
Project("{FAE04EC0-301F-11D3-BF4B-00C04F79EFBC}") = "IF11", "IF11\IF11.csproj", "{ABCAB53A-6E7A-498E-8342-D2E8C19CA325}"
EndProject
Project("{FAE04EC0-301F-11D3-BF4B-00C04F79EFBC}") = "IF12", "IF12\IF12.csproj", "{E1A5DC3C-47C4-454B-B952-150013720CAB}"
EndProject
Project("{FAE04EC0-301F-11D3-BF4B-00C04F79EFBC}") = "Loop1", "Loop1\Loop1.csproj", "{D0E81E3E-D805-4471-8D98-F5AFC6392595}"
EndProject
Project("{FAE04EC0-301F-11D3-BF4B-00C04F79EFBC}") = "Loop2", "Loop2\Loop2.csproj", "{A4D0A7BB-B3B0-486B-9582-BE702774C37F}"
EndProject
Project("{FAE04EC0-301F-11D3-BF4B-00C04F79EFBC}") = "Loop3", "Loop3\Loop3.csproj", "{65FA5D93-E82C-40A9-BA4A-0E354B5AD663}"
EndProject
Project("{FAE04EC0-301F-11D3-BF4B-00C04F79EFBC}") = "Loop4", "Loop4\Loop4.csproj", "{D1E0B647-00CB-42A3-A7C0-25D570806FEF}"
EndProject
Project("{FAE04EC0-301F-11D3-BF4B-00C04F79EFBC}") = "Loop5", "Loop5\Loop5.csproj", "{69FCCF4A-D9E5-4C8B-9875-7AFF47CF44E1}"
EndProject
Project("{FAE04EC0-301F-11D3-BF4B-00C04F79EFBC}") = "Loop6", "Loop6\Loop6.csproj", "{74C63637-23C3-4368-961D-B4C163BFA0C2}"
EndProject
Project("{FAE04EC0-301F-11D3-BF4B-00C04F79EFBC}") = "Loop7", "Loop7\Loop7.csproj", "{90AF4FA8-7020-453E-8773-2E46AE3B93CC}"
EndProject
Project("{FAE04EC0-301F-11D3-BF4B-00C04F79EFBC}") = "Loop8", "Loop8\Loop8.csproj", "{33F56D49-19C5-4CA5-A261-E97B269A8A19}"
EndProject
Project("{FAE04EC0-301F-11D3-BF4B-00C04F79EFBC}") = "Loop9", "Loop9\Loop9.csproj", "{9BFAD8D4-5F1A-41F5-8802-787D22958090}"
EndProject
Project("{FAE04EC0-301F-11D3-BF4B-00C04F79EFBC}") = "Loop10", "Loop10\Loop10.csproj", "{07301573-8424-4CF2-8304-E4151B0A3B51}"
EndProject
Project("{FAE04EC0-301F-11D3-BF4B-00C04F79EFBC}") = "Loop11", "Loop11\Loop11.csproj", "{55E379C2-9E62-4AF8-9B35-ABCDEFDEFFFA}"
EndProject
Project("{FAE04EC0-301F-11D3-BF4B-00C04F79EFBC}") = "Loop12", "Loop12\Loop12.csproj", "{60972ADE-48D4-4955-9D2F-BA879E67AE1F}"
EndProject
Project("{FAE04EC0-301F-11D3-BF4B-00C04F79EFBC}") = "GissaTal", "GissaTal\GissaTal.csproj", "{E9E9CEA5-94AE-4E2E-A638-D3BCA96A45C2}"
EndProject
Project("{FAE04EC0-301F-11D3-BF4B-00C04F79EFBC}") = "1Array", "1Array\1Array.csproj", "{87F7812B-33EB-4727-B5BB-57C8F22D5C85}"
EndProject
Project("{FAE04EC0-301F-11D3-BF4B-00C04F79EFBC}") = "2Array", "2Array\2Array.csproj", "{75D32C7D-E861-4A6C-9BD8-2468A38EFD9F}"
EndProject
Project("{FAE04EC0-301F-11D3-BF4B-00C04F79EFBC}") = "3Array", "3Array\3Array.csproj", "{19BAC49D-818F-4C3A-B549-028F40248FC7}"
EndProject
Project("{FAE04EC0-301F-11D3-BF4B-00C04F79EFBC}") = "4Array", "4Array\4Array.csproj", "{8C985000-C52B-4F48-979A-C53FDA488A73}"
EndProject
Project("{FAE04EC0-301F-11D3-BF4B-00C04F79EFBC}") = "5Array", "5Array\5Array.csproj", "{0B899ADC-3764-4118-A647-525EEA2BC980}"
EndProject
Global
	GlobalSection(SolutionConfigurationPlatforms) = preSolution
		Debug|Any CPU = Debug|Any CPU
		Release|Any CPU = Release|Any CPU
	EndGlobalSection
	GlobalSection(ProjectConfigurationPlatforms) = postSolution
		{40F7A066-F2DA-451B-926B-A9F3FEE0E251}.Debug|Any CPU.ActiveCfg = Debug|Any CPU
		{40F7A066-F2DA-451B-926B-A9F3FEE0E251}.Debug|Any CPU.Build.0 = Debug|Any CPU
		{40F7A066-F2DA-451B-926B-A9F3FEE0E251}.Release|Any CPU.ActiveCfg = Release|Any CPU
		{40F7A066-F2DA-451B-926B-A9F3FEE0E251}.Release|Any CPU.Build.0 = Release|Any CPU
		{D5C23AF3-39B2-401E-A87E-392C1386CF9A}.Debug|Any CPU.ActiveCfg = Debug|Any CPU
		{D5C23AF3-39B2-401E-A87E-392C1386CF9A}.Debug|Any CPU.Build.0 = Debug|Any CPU
		{D5C23AF3-39B2-401E-A87E-392C1386CF9A}.Release|Any CPU.ActiveCfg = Release|Any CPU
		{D5C23AF3-39B2-401E-A87E-392C1386CF9A}.Release|Any CPU.Build.0 = Release|Any CPU
		{3AB68910-BCB1-43BC-A3A9-B858A9042160}.Debug|Any CPU.ActiveCfg = Debug|Any CPU
		{3AB68910-BCB1-43BC-A3A9-B858A9042160}.Debug|Any CPU.Build.0 = Debug|Any CPU
		{3AB68910-BCB1-43BC-A3A9-B858A9042160}.Release|Any CPU.ActiveCfg = Release|Any CPU
		{3AB68910-BCB1-43BC-A3A9-B858A9042160}.Release|Any CPU.Build.0 = Release|Any CPU
		{B9301045-4770-4FB6-A98D-4280EBC2C8D7}.Debug|Any CPU.ActiveCfg = Debug|Any CPU
		{B9301045-4770-4FB6-A98D-4280EBC2C8D7}.Debug|Any CPU.Build.0 = Debug|Any CPU
		{B9301045-4770-4FB6-A98D-4280EBC2C8D7}.Release|Any CPU.ActiveCfg = Release|Any CPU
		{B9301045-4770-4FB6-A98D-4280EBC2C8D7}.Release|Any CPU.Build.0 = Release|Any CPU
		{383F3C9E-7EF1-4FC1-808F-CB9D711C7387}.Debug|Any CPU.ActiveCfg = Debug|Any CPU
		{383F3C9E-7EF1-4FC1-808F-CB9D711C7387}.Debug|Any CPU.Build.0 = Debug|Any CPU
		{383F3C9E-7EF1-4FC1-808F-CB9D711C7387}.Release|Any CPU.ActiveCfg = Release|Any CPU
		{383F3C9E-7EF1-4FC1-808F-CB9D711C7387}.Release|Any CPU.Build.0 = Release|Any CPU
		{AE12D700-1385-452D-9175-6DD3C91CC4EE}.Debug|Any CPU.ActiveCfg = Debug|Any CPU
		{AE12D700-1385-452D-9175-6DD3C91CC4EE}.Debug|Any CPU.Build.0 = Debug|Any CPU
		{AE12D700-1385-452D-9175-6DD3C91CC4EE}.Release|Any CPU.ActiveCfg = Release|Any CPU
		{AE12D700-1385-452D-9175-6DD3C91CC4EE}.Release|Any CPU.Build.0 = Release|Any CPU
		{9154560C-7437-4A14-97F5-0F3F1FE65D01}.Debug|Any CPU.ActiveCfg = Debug|Any CPU
		{9154560C-7437-4A14-97F5-0F3F1FE65D01}.Debug|Any CPU.Build.0 = Debug|Any CPU
		{9154560C-7437-4A14-97F5-0F3F1FE65D01}.Release|Any CPU.ActiveCfg = Release|Any CPU
		{9154560C-7437-4A14-97F5-0F3F1FE65D01}.Release|Any CPU.Build.0 = Release|Any CPU
		{7A8848FB-8705-4031-8001-0BDCF2D79792}.Debug|Any CPU.ActiveCfg = Debug|Any CPU
		{7A8848FB-8705-4031-8001-0BDCF2D79792}.Debug|Any CPU.Build.0 = Debug|Any CPU
		{7A8848FB-8705-4031-8001-0BDCF2D79792}.Release|Any CPU.ActiveCfg = Release|Any CPU
		{7A8848FB-8705-4031-8001-0BDCF2D79792}.Release|Any CPU.Build.0 = Release|Any CPU
		{1ADD6AB0-F1DE-4797-9EAD-FEE6492CCCD0}.Debug|Any CPU.ActiveCfg = Debug|Any CPU
		{1ADD6AB0-F1DE-4797-9EAD-FEE6492CCCD0}.Debug|Any CPU.Build.0 = Debug|Any CPU
		{1ADD6AB0-F1DE-4797-9EAD-FEE6492CCCD0}.Release|Any CPU.ActiveCfg = Release|Any CPU
		{1ADD6AB0-F1DE-4797-9EAD-FEE6492CCCD0}.Release|Any CPU.Build.0 = Release|Any CPU
		{ADD81F60-51EE-4252-BF9B-13BAD32D63E3}.Debug|Any CPU.ActiveCfg = Debug|Any CPU
		{ADD81F60-51EE-4252-BF9B-13BAD32D63E3}.Debug|Any CPU.Build.0 = Debug|Any CPU
		{ADD81F60-51EE-4252-BF9B-13BAD32D63E3}.Release|Any CPU.ActiveCfg = Release|Any CPU
		{ADD81F60-51EE-4252-BF9B-13BAD32D63E3}.Release|Any CPU.Build.0 = Release|Any CPU
		{25622595-3975-4EA2-BE52-B75A8419DD1A}.Debug|Any CPU.ActiveCfg = Debug|Any CPU
		{25622595-3975-4EA2-BE52-B75A8419DD1A}.Debug|Any CPU.Build.0 = Debug|Any CPU
		{25622595-3975-4EA2-BE52-B75A8419DD1A}.Release|Any CPU.ActiveCfg = Release|Any CPU
		{25622595-3975-4EA2-BE52-B75A8419DD1A}.Release|Any CPU.Build.0 = Release|Any CPU
		{A22F249B-A048-4A8C-BD33-CEECE3DC7F0C}.Debug|Any CPU.ActiveCfg = Debug|Any CPU
		{A22F249B-A048-4A8C-BD33-CEECE3DC7F0C}.Debug|Any CPU.Build.0 = Debug|Any CPU
		{A22F249B-A048-4A8C-BD33-CEECE3DC7F0C}.Release|Any CPU.ActiveCfg = Release|Any CPU
		{A22F249B-A048-4A8C-BD33-CEECE3DC7F0C}.Release|Any CPU.Build.0 = Release|Any CPU
		{3A2D9138-0183-488B-BD9A-B3D3105EEAF8}.Debug|Any CPU.ActiveCfg = Debug|Any CPU
		{3A2D9138-0183-488B-BD9A-B3D3105EEAF8}.Debug|Any CPU.Build.0 = Debug|Any CPU
		{3A2D9138-0183-488B-BD9A-B3D3105EEAF8}.Release|Any CPU.ActiveCfg = Release|Any CPU
		{3A2D9138-0183-488B-BD9A-B3D3105EEAF8}.Release|Any CPU.Build.0 = Release|Any CPU
		{7525294F-9E3C-457A-8592-355048229AA3}.Debug|Any CPU.ActiveCfg = Debug|Any CPU
		{7525294F-9E3C-457A-8592-355048229AA3}.Debug|Any CPU.Build.0 = Debug|Any CPU
		{7525294F-9E3C-457A-8592-355048229AA3}.Release|Any CPU.ActiveCfg = Release|Any CPU
		{7525294F-9E3C-457A-8592-355048229AA3}.Release|Any CPU.Build.0 = Release|Any CPU
		{AE9EA1F2-6AA8-462C-8CFA-9D9E0D5FDEE5}.Debug|Any CPU.ActiveCfg = Debug|Any CPU
		{AE9EA1F2-6AA8-462C-8CFA-9D9E0D5FDEE5}.Debug|Any CPU.Build.0 = Debug|Any CPU
		{AE9EA1F2-6AA8-462C-8CFA-9D9E0D5FDEE5}.Release|Any CPU.ActiveCfg = Release|Any CPU
		{AE9EA1F2-6AA8-462C-8CFA-9D9E0D5FDEE5}.Release|Any CPU.Build.0 = Release|Any CPU
		{920841B8-27C8-4BAC-91C3-E32383E0291E}.Debug|Any CPU.ActiveCfg = Debug|Any CPU
		{920841B8-27C8-4BAC-91C3-E32383E0291E}.Debug|Any CPU.Build.0 = Debug|Any CPU
		{920841B8-27C8-4BAC-91C3-E32383E0291E}.Release|Any CPU.ActiveCfg = Release|Any CPU
		{920841B8-27C8-4BAC-91C3-E32383E0291E}.Release|Any CPU.Build.0 = Release|Any CPU
		{20237FB2-C6D3-46D2-BC47-495D3B01060B}.Debug|Any CPU.ActiveCfg = Debug|Any CPU
		{20237FB2-C6D3-46D2-BC47-495D3B01060B}.Debug|Any CPU.Build.0 = Debug|Any CPU
		{20237FB2-C6D3-46D2-BC47-495D3B01060B}.Release|Any CPU.ActiveCfg = Release|Any CPU
		{20237FB2-C6D3-46D2-BC47-495D3B01060B}.Release|Any CPU.Build.0 = Release|Any CPU
		{BF5451A9-8DFB-456F-B997-8654B149201D}.Debug|Any CPU.ActiveCfg = Debug|Any CPU
		{BF5451A9-8DFB-456F-B997-8654B149201D}.Debug|Any CPU.Build.0 = Debug|Any CPU
		{BF5451A9-8DFB-456F-B997-8654B149201D}.Release|Any CPU.ActiveCfg = Release|Any CPU
		{BF5451A9-8DFB-456F-B997-8654B149201D}.Release|Any CPU.Build.0 = Release|Any CPU
		{3226289A-EF49-4D06-BF65-3B67873D309C}.Debug|Any CPU.ActiveCfg = Debug|Any CPU
		{3226289A-EF49-4D06-BF65-3B67873D309C}.Debug|Any CPU.Build.0 = Debug|Any CPU
		{3226289A-EF49-4D06-BF65-3B67873D309C}.Release|Any CPU.ActiveCfg = Release|Any CPU
		{3226289A-EF49-4D06-BF65-3B67873D309C}.Release|Any CPU.Build.0 = Release|Any CPU
		{951CD45C-FA5E-484F-807D-84C2D90B9C55}.Debug|Any CPU.ActiveCfg = Debug|Any CPU
		{951CD45C-FA5E-484F-807D-84C2D90B9C55}.Debug|Any CPU.Build.0 = Debug|Any CPU
		{951CD45C-FA5E-484F-807D-84C2D90B9C55}.Release|Any CPU.ActiveCfg = Release|Any CPU
		{951CD45C-FA5E-484F-807D-84C2D90B9C55}.Release|Any CPU.Build.0 = Release|Any CPU
		{8235D2FA-855D-46BF-BEAD-5B41FEF6F20A}.Debug|Any CPU.ActiveCfg = Debug|Any CPU
		{8235D2FA-855D-46BF-BEAD-5B41FEF6F20A}.Debug|Any CPU.Build.0 = Debug|Any CPU
		{8235D2FA-855D-46BF-BEAD-5B41FEF6F20A}.Release|Any CPU.ActiveCfg = Release|Any CPU
		{8235D2FA-855D-46BF-BEAD-5B41FEF6F20A}.Release|Any CPU.Build.0 = Release|Any CPU
		{06F47E2A-E123-492E-BCA1-F63CAF68985E}.Debug|Any CPU.ActiveCfg = Debug|Any CPU
		{06F47E2A-E123-492E-BCA1-F63CAF68985E}.Debug|Any CPU.Build.0 = Debug|Any CPU
		{06F47E2A-E123-492E-BCA1-F63CAF68985E}.Release|Any CPU.ActiveCfg = Release|Any CPU
		{06F47E2A-E123-492E-BCA1-F63CAF68985E}.Release|Any CPU.Build.0 = Release|Any CPU
		{F3A63E43-3779-44DF-BA4F-6B0357F4D9D6}.Debug|Any CPU.ActiveCfg = Debug|Any CPU
		{F3A63E43-3779-44DF-BA4F-6B0357F4D9D6}.Debug|Any CPU.Build.0 = Debug|Any CPU
		{F3A63E43-3779-44DF-BA4F-6B0357F4D9D6}.Release|Any CPU.ActiveCfg = Release|Any CPU
		{F3A63E43-3779-44DF-BA4F-6B0357F4D9D6}.Release|Any CPU.Build.0 = Release|Any CPU
		{8B64A5C7-BE66-41B3-BEBF-EC5C13F66364}.Debug|Any CPU.ActiveCfg = Debug|Any CPU
		{8B64A5C7-BE66-41B3-BEBF-EC5C13F66364}.Debug|Any CPU.Build.0 = Debug|Any CPU
		{8B64A5C7-BE66-41B3-BEBF-EC5C13F66364}.Release|Any CPU.ActiveCfg = Release|Any CPU
		{8B64A5C7-BE66-41B3-BEBF-EC5C13F66364}.Release|Any CPU.Build.0 = Release|Any CPU
		{ABCAB53A-6E7A-498E-8342-D2E8C19CA325}.Debug|Any CPU.ActiveCfg = Debug|Any CPU
		{ABCAB53A-6E7A-498E-8342-D2E8C19CA325}.Debug|Any CPU.Build.0 = Debug|Any CPU
		{ABCAB53A-6E7A-498E-8342-D2E8C19CA325}.Release|Any CPU.ActiveCfg = Release|Any CPU
		{ABCAB53A-6E7A-498E-8342-D2E8C19CA325}.Release|Any CPU.Build.0 = Release|Any CPU
		{E1A5DC3C-47C4-454B-B952-150013720CAB}.Debug|Any CPU.ActiveCfg = Debug|Any CPU
		{E1A5DC3C-47C4-454B-B952-150013720CAB}.Debug|Any CPU.Build.0 = Debug|Any CPU
		{E1A5DC3C-47C4-454B-B952-150013720CAB}.Release|Any CPU.ActiveCfg = Release|Any CPU
		{E1A5DC3C-47C4-454B-B952-150013720CAB}.Release|Any CPU.Build.0 = Release|Any CPU
		{D0E81E3E-D805-4471-8D98-F5AFC6392595}.Debug|Any CPU.ActiveCfg = Debug|Any CPU
		{D0E81E3E-D805-4471-8D98-F5AFC6392595}.Debug|Any CPU.Build.0 = Debug|Any CPU
		{D0E81E3E-D805-4471-8D98-F5AFC6392595}.Release|Any CPU.ActiveCfg = Release|Any CPU
		{D0E81E3E-D805-4471-8D98-F5AFC6392595}.Release|Any CPU.Build.0 = Release|Any CPU
		{A4D0A7BB-B3B0-486B-9582-BE702774C37F}.Debug|Any CPU.ActiveCfg = Debug|Any CPU
		{A4D0A7BB-B3B0-486B-9582-BE702774C37F}.Debug|Any CPU.Build.0 = Debug|Any CPU
		{A4D0A7BB-B3B0-486B-9582-BE702774C37F}.Release|Any CPU.ActiveCfg = Release|Any CPU
		{A4D0A7BB-B3B0-486B-9582-BE702774C37F}.Release|Any CPU.Build.0 = Release|Any CPU
		{65FA5D93-E82C-40A9-BA4A-0E354B5AD663}.Debug|Any CPU.ActiveCfg = Debug|Any CPU
		{65FA5D93-E82C-40A9-BA4A-0E354B5AD663}.Debug|Any CPU.Build.0 = Debug|Any CPU
		{65FA5D93-E82C-40A9-BA4A-0E354B5AD663}.Release|Any CPU.ActiveCfg = Release|Any CPU
		{65FA5D93-E82C-40A9-BA4A-0E354B5AD663}.Release|Any CPU.Build.0 = Release|Any CPU
		{D1E0B647-00CB-42A3-A7C0-25D570806FEF}.Debug|Any CPU.ActiveCfg = Debug|Any CPU
		{D1E0B647-00CB-42A3-A7C0-25D570806FEF}.Debug|Any CPU.Build.0 = Debug|Any CPU
		{D1E0B647-00CB-42A3-A7C0-25D570806FEF}.Release|Any CPU.ActiveCfg = Release|Any CPU
		{D1E0B647-00CB-42A3-A7C0-25D570806FEF}.Release|Any CPU.Build.0 = Release|Any CPU
		{69FCCF4A-D9E5-4C8B-9875-7AFF47CF44E1}.Debug|Any CPU.ActiveCfg = Debug|Any CPU
		{69FCCF4A-D9E5-4C8B-9875-7AFF47CF44E1}.Debug|Any CPU.Build.0 = Debug|Any CPU
		{69FCCF4A-D9E5-4C8B-9875-7AFF47CF44E1}.Release|Any CPU.ActiveCfg = Release|Any CPU
		{69FCCF4A-D9E5-4C8B-9875-7AFF47CF44E1}.Release|Any CPU.Build.0 = Release|Any CPU
		{74C63637-23C3-4368-961D-B4C163BFA0C2}.Debug|Any CPU.ActiveCfg = Debug|Any CPU
		{74C63637-23C3-4368-961D-B4C163BFA0C2}.Debug|Any CPU.Build.0 = Debug|Any CPU
		{74C63637-23C3-4368-961D-B4C163BFA0C2}.Release|Any CPU.ActiveCfg = Release|Any CPU
		{74C63637-23C3-4368-961D-B4C163BFA0C2}.Release|Any CPU.Build.0 = Release|Any CPU
		{90AF4FA8-7020-453E-8773-2E46AE3B93CC}.Debug|Any CPU.ActiveCfg = Debug|Any CPU
		{90AF4FA8-7020-453E-8773-2E46AE3B93CC}.Debug|Any CPU.Build.0 = Debug|Any CPU
		{90AF4FA8-7020-453E-8773-2E46AE3B93CC}.Release|Any CPU.ActiveCfg = Release|Any CPU
		{90AF4FA8-7020-453E-8773-2E46AE3B93CC}.Release|Any CPU.Build.0 = Release|Any CPU
		{33F56D49-19C5-4CA5-A261-E97B269A8A19}.Debug|Any CPU.ActiveCfg = Debug|Any CPU
		{33F56D49-19C5-4CA5-A261-E97B269A8A19}.Debug|Any CPU.Build.0 = Debug|Any CPU
		{33F56D49-19C5-4CA5-A261-E97B269A8A19}.Release|Any CPU.ActiveCfg = Release|Any CPU
		{33F56D49-19C5-4CA5-A261-E97B269A8A19}.Release|Any CPU.Build.0 = Release|Any CPU
		{9BFAD8D4-5F1A-41F5-8802-787D22958090}.Debug|Any CPU.ActiveCfg = Debug|Any CPU
		{9BFAD8D4-5F1A-41F5-8802-787D22958090}.Debug|Any CPU.Build.0 = Debug|Any CPU
		{9BFAD8D4-5F1A-41F5-8802-787D22958090}.Release|Any CPU.ActiveCfg = Release|Any CPU
		{9BFAD8D4-5F1A-41F5-8802-787D22958090}.Release|Any CPU.Build.0 = Release|Any CPU
		{07301573-8424-4CF2-8304-E4151B0A3B51}.Debug|Any CPU.ActiveCfg = Debug|Any CPU
		{07301573-8424-4CF2-8304-E4151B0A3B51}.Debug|Any CPU.Build.0 = Debug|Any CPU
		{07301573-8424-4CF2-8304-E4151B0A3B51}.Release|Any CPU.ActiveCfg = Release|Any CPU
		{07301573-8424-4CF2-8304-E4151B0A3B51}.Release|Any CPU.Build.0 = Release|Any CPU
		{55E379C2-9E62-4AF8-9B35-ABCDEFDEFFFA}.Debug|Any CPU.ActiveCfg = Debug|Any CPU
		{55E379C2-9E62-4AF8-9B35-ABCDEFDEFFFA}.Debug|Any CPU.Build.0 = Debug|Any CPU
		{55E379C2-9E62-4AF8-9B35-ABCDEFDEFFFA}.Release|Any CPU.ActiveCfg = Release|Any CPU
		{55E379C2-9E62-4AF8-9B35-ABCDEFDEFFFA}.Release|Any CPU.Build.0 = Release|Any CPU
		{60972ADE-48D4-4955-9D2F-BA879E67AE1F}.Debug|Any CPU.ActiveCfg = Debug|Any CPU
		{60972ADE-48D4-4955-9D2F-BA879E67AE1F}.Debug|Any CPU.Build.0 = Debug|Any CPU
		{60972ADE-48D4-4955-9D2F-BA879E67AE1F}.Release|Any CPU.ActiveCfg = Release|Any CPU
		{60972ADE-48D4-4955-9D2F-BA879E67AE1F}.Release|Any CPU.Build.0 = Release|Any CPU
		{E9E9CEA5-94AE-4E2E-A638-D3BCA96A45C2}.Debug|Any CPU.ActiveCfg = Debug|Any CPU
		{E9E9CEA5-94AE-4E2E-A638-D3BCA96A45C2}.Debug|Any CPU.Build.0 = Debug|Any CPU
		{E9E9CEA5-94AE-4E2E-A638-D3BCA96A45C2}.Release|Any CPU.ActiveCfg = Release|Any CPU
		{E9E9CEA5-94AE-4E2E-A638-D3BCA96A45C2}.Release|Any CPU.Build.0 = Release|Any CPU
		{87F7812B-33EB-4727-B5BB-57C8F22D5C85}.Debug|Any CPU.ActiveCfg = Debug|Any CPU
		{87F7812B-33EB-4727-B5BB-57C8F22D5C85}.Debug|Any CPU.Build.0 = Debug|Any CPU
		{87F7812B-33EB-4727-B5BB-57C8F22D5C85}.Release|Any CPU.ActiveCfg = Release|Any CPU
		{87F7812B-33EB-4727-B5BB-57C8F22D5C85}.Release|Any CPU.Build.0 = Release|Any CPU
		{75D32C7D-E861-4A6C-9BD8-2468A38EFD9F}.Debug|Any CPU.ActiveCfg = Debug|Any CPU
		{75D32C7D-E861-4A6C-9BD8-2468A38EFD9F}.Debug|Any CPU.Build.0 = Debug|Any CPU
		{75D32C7D-E861-4A6C-9BD8-2468A38EFD9F}.Release|Any CPU.ActiveCfg = Release|Any CPU
		{75D32C7D-E861-4A6C-9BD8-2468A38EFD9F}.Release|Any CPU.Build.0 = Release|Any CPU
		{19BAC49D-818F-4C3A-B549-028F40248FC7}.Debug|Any CPU.ActiveCfg = Debug|Any CPU
		{19BAC49D-818F-4C3A-B549-028F40248FC7}.Debug|Any CPU.Build.0 = Debug|Any CPU
		{19BAC49D-818F-4C3A-B549-028F40248FC7}.Release|Any CPU.ActiveCfg = Release|Any CPU
		{19BAC49D-818F-4C3A-B549-028F40248FC7}.Release|Any CPU.Build.0 = Release|Any CPU
		{8C985000-C52B-4F48-979A-C53FDA488A73}.Debug|Any CPU.ActiveCfg = Debug|Any CPU
		{8C985000-C52B-4F48-979A-C53FDA488A73}.Debug|Any CPU.Build.0 = Debug|Any CPU
		{8C985000-C52B-4F48-979A-C53FDA488A73}.Release|Any CPU.ActiveCfg = Release|Any CPU
		{8C985000-C52B-4F48-979A-C53FDA488A73}.Release|Any CPU.Build.0 = Release|Any CPU
		{0B899ADC-3764-4118-A647-525EEA2BC980}.Debug|Any CPU.ActiveCfg = Debug|Any CPU
		{0B899ADC-3764-4118-A647-525EEA2BC980}.Debug|Any CPU.Build.0 = Debug|Any CPU
		{0B899ADC-3764-4118-A647-525EEA2BC980}.Release|Any CPU.ActiveCfg = Release|Any CPU
		{0B899ADC-3764-4118-A647-525EEA2BC980}.Release|Any CPU.Build.0 = Release|Any CPU
	EndGlobalSection
	GlobalSection(SolutionProperties) = preSolution
		HideSolutionNode = FALSE
	EndGlobalSection
	GlobalSection(ExtensibilityGlobals) = postSolution
		SolutionGuid = {4F20B7C5-63CC-463A-A5F3-4102788DC99D}
	EndGlobalSection
EndGlobal
